<Solution>
  <Project Path="AgendamentoVacinacao.Api/AgendamentoVacinacao.WebApi.csproj" />
  <Project Path="AgendamentoVacinacao.Business/AgendamentoVacinacao.Business.csproj" />
  <Project Path="AgendamentoVacinacao.Entities/AgendamentoVacinacao.Entities.csproj" />
  <Project Path="AgendamentoVacinacao.Repository.Interface/AgendamentoVacinacao.Repository.Interface.csproj" />
  <Project Path="AgendamentoVacinacao.Repository/AgendamentoVacinacao.Repository.csproj" />
  <Project Path="AgendamentoVacinacao.Utilities/AgendamentoVacinacao.Utilities.csproj" />
  <Project Path="AgendamentoVacincao.Business.Interface/AgendamentoVacinacao.Business.Interface.csproj" />
</Solution>
